// !$*UTF8*$!
{
	archiveVersion = 1;
	classes = {
	};
	objectVersion = 46;
	objects = {

/* Begin PBXBuildFile section */
		9C842C53BE1DDA59A9FAADFC /* libPods-HackDemo.a in Frameworks */ = {isa = PBXBuildFile; fileRef = CF64C423EDF471BCB26B9DEF /* libPods-HackDemo.a */; };
		DA6383E41D9D2A0D000A2A4B /* main.m in Sources */ = {isa = PBXBuildFile; fileRef = DA6383E31D9D2A0D000A2A4B /* main.m */; };
		DA6383E71D9D2A0D000A2A4B /* AppDelegate.m in Sources */ = {isa = PBXBuildFile; fileRef = DA6383E61D9D2A0D000A2A4B /* AppDelegate.m */; };
		DA6383EA1D9D2A0D000A2A4B /* ViewController.m in Sources */ = {isa = PBXBuildFile; fileRef = DA6383E91D9D2A0D000A2A4B /* ViewController.m */; };
		DA6383ED1D9D2A0D000A2A4B /* Main.storyboard in Resources */ = {isa = PBXBuildFile; fileRef = DA6383EB1D9D2A0D000A2A4B /* Main.storyboard */; };
		DA6383EF1D9D2A0D000A2A4B /* Assets.xcassets in Resources */ = {isa = PBXBuildFile; fileRef = DA6383EE1D9D2A0D000A2A4B /* Assets.xcassets */; };
		DA6383F21D9D2A0D000A2A4B /* LaunchScreen.storyboard in Resources */ = {isa = PBXBuildFile; fileRef = DA6383F01D9D2A0D000A2A4B /* LaunchScreen.storyboard */; };
		DAE6BE751D9DEF4D0015FE0D /* js_demo.js in Resources */ = {isa = PBXBuildFile; fileRef = DAE6BE741D9DEF4D0015FE0D /* js_demo.js */; };
/* End PBXBuildFile section */

/* Begin PBXFileReference section */
		37B76D5004D77CCC5607C971 /* Pods-HackDemo.release.xcconfig */ = {isa = PBXFileReference; includeInIndex = 1; lastKnownFileType = text.xcconfig; name = "Pods-HackDemo.release.xcconfig"; path = "Pods/Target Support Files/Pods-HackDemo/Pods-HackDemo.release.xcconfig"; sourceTree = "<group>"; };
		3ADD9D136B23B885C29CDD42 /* Pods-HackDemo.debug.xcconfig */ = {isa = PBXFileReference; includeInIndex = 1; lastKnownFileType = text.xcconfig; name = "Pods-HackDemo.debug.xcconfig"; path = "Pods/Target Support Files/Pods-HackDemo/Pods-HackDemo.debug.xcconfig"; sourceTree = "<group>"; };
		CF64C423EDF471BCB26B9DEF /* libPods-HackDemo.a */ = {isa = PBXFileReference; explicitFileType = archive.ar; includeInIndex = 0; path = "libPods-HackDemo.a"; sourceTree = BUILT_PRODUCTS_DIR; };
		DA6383DF1D9D2A0D000A2A4B /* HackDemo.app */ = {isa = PBXFileReference; explicitFileType = wrapper.application; includeInIndex = 0; path = HackDemo.app; sourceTree = BUILT_PRODUCTS_DIR; };
		DA6383E31D9D2A0D000A2A4B /* main.m */ = {isa = PBXFileReference; lastKnownFileType = sourcecode.c.objc; path = main.m; sourceTree = "<group>"; };
		DA6383E51D9D2A0D000A2A4B /* AppDelegate.h */ = {isa = PBXFileReference; lastKnownFileType = sourcecode.c.h; path = AppDelegate.h; sourceTree = "<group>"; };
		DA6383E61D9D2A0D000A2A4B /* AppDelegate.m */ = {isa = PBXFileReference; lastKnownFileType = sourcecode.c.objc; path = AppDelegate.m; sourceTree = "<group>"; };
		DA6383E81D9D2A0D000A2A4B /* ViewController.h */ = {isa = PBXFileReference; lastKnownFileType = sourcecode.c.h; path = ViewController.h; sourceTree = "<group>"; };
		DA6383E91D9D2A0D000A2A4B /* ViewController.m */ = {isa = PBXFileReference; lastKnownFileType = sourcecode.c.objc; path = ViewController.m; sourceTree = "<group>"; };
		DA6383EC1D9D2A0D000A2A4B /* Base */ = {isa = PBXFileReference; lastKnownFileType = file.storyboard; name = Base; path = Base.lproj/Main.storyboard; sourceTree = "<group>"; };
		DA6383EE1D9D2A0D000A2A4B /* Assets.xcassets */ = {isa = PBXFileReference; lastKnownFileType = folder.assetcatalog; path = Assets.xcassets; sourceTree = "<group>"; };
		DA6383F11D9D2A0D000A2A4B /* Base */ = {isa = PBXFileReference; lastKnownFileType = file.storyboard; name = Base; path = Base.lproj/LaunchScreen.storyboard; sourceTree = "<group>"; };
		DA6383F31D9D2A0D000A2A4B /* Info.plist */ = {isa = PBXFileReference; lastKnownFileType = text.plist.xml; path = Info.plist; sourceTree = "<group>"; };
		DAE6BE741D9DEF4D0015FE0D /* js_demo.js */ = {isa = PBXFileReference; fileEncoding = 4; lastKnownFileType = sourcecode.javascript; path = js_demo.js; sourceTree = "<group>"; };
/* End PBXFileReference section */

/* Begin PBXFrameworksBuildPhase section */
		DA6383DC1D9D2A0D000A2A4B /* Frameworks */ = {
			isa = PBXFrameworksBuildPhase;
			buildActionMask = 2147483647;
			files = (
				9C842C53BE1DDA59A9FAADFC /* libPods-HackDemo.a in Frameworks */,
			);
			runOnlyForDeploymentPostprocessing = 0;
		};
/* End PBXFrameworksBuildPhase section */

/* Begin PBXGroup section */
		873DB0CEF7879D50D368EBE5 /* Frameworks */ = {
			isa = PBXGroup;
			children = (
				CF64C423EDF471BCB26B9DEF /* libPods-HackDemo.a */,
			);
			name = Frameworks;
			sourceTree = "<group>";
		};
		B5D23B23176640F03BB65C4F /* Pods */ = {
			isa = PBXGroup;
			children = (
				3ADD9D136B23B885C29CDD42 /* Pods-HackDemo.debug.xcconfig */,
				37B76D5004D77CCC5607C971 /* Pods-HackDemo.release.xcconfig */,
			);
			name = Pods;
			sourceTree = "<group>";
		};
		DA6383D61D9D2A0D000A2A4B = {
			isa = PBXGroup;
			children = (
				DA6383E11D9D2A0D000A2A4B /* HackDemo */,
				DA6383E01D9D2A0D000A2A4B /* Products */,
				B5D23B23176640F03BB65C4F /* Pods */,
				873DB0CEF7879D50D368EBE5 /* Frameworks */,
			);
			sourceTree = "<group>";
		};
		DA6383E01D9D2A0D000A2A4B /* Products */ = {
			isa = PBXGroup;
			children = (
				DA6383DF1D9D2A0D000A2A4B /* HackDemo.app */,
			);
			name = Products;
			sourceTree = "<group>";
		};
		DA6383E11D9D2A0D000A2A4B /* HackDemo */ = {
			isa = PBXGroup;
			children = (
				DAE6BE741D9DEF4D0015FE0D /* js_demo.js */,
				DA6383E51D9D2A0D000A2A4B /* AppDelegate.h */,
				DA6383E61D9D2A0D000A2A4B /* AppDelegate.m */,
				DA6383E81D9D2A0D000A2A4B /* ViewController.h */,
				DA6383E91D9D2A0D000A2A4B /* ViewController.m */,
				DA6383EB1D9D2A0D000A2A4B /* Main.storyboard */,
				DA6383EE1D9D2A0D000A2A4B /* Assets.xcassets */,
				DA6383F01D9D2A0D000A2A4B /* LaunchScreen.storyboard */,
				DA6383F31D9D2A0D000A2A4B /* Info.plist */,
				DA6383E21D9D2A0D000A2A4B /* Supporting Files */,
			);
			path = HackDemo;
			sourceTree = "<group>";
		};
		DA6383E21D9D2A0D000A2A4B /* Supporting Files */ = {
			isa = PBXGroup;
			children = (
				DA6383E31D9D2A0D000A2A4B /* main.m */,
			);
			name = "Supporting Files";
			sourceTree = "<group>";
		};
/* End PBXGroup section */

/* Begin PBXNativeTarget section */
		DA6383DE1D9D2A0D000A2A4B /* HackDemo */ = {
			isa = PBXNativeTarget;
			buildConfigurationList = DA6383F61D9D2A0D000A2A4B /* Build configuration list for PBXNativeTarget "HackDemo" */;
			buildPhases = (
				ABCC5DBEC8E20AE1D61200B2 /* 📦 Check Pods Manifest.lock */,
				DA6383DB1D9D2A0D000A2A4B /* Sources */,
				DA6383DC1D9D2A0D000A2A4B /* Frameworks */,
				DA6383DD1D9D2A0D000A2A4B /* Resources */,
				9A6F4980807543FF629766CD /* 📦 Embed Pods Frameworks */,
				FA509CA2EF32F8398546A0C3 /* 📦 Copy Pods Resources */,
			);
			buildRules = (
			);
			dependencies = (
			);
			name = HackDemo;
			productName = HackDemo;
			productReference = DA6383DF1D9D2A0D000A2A4B /* HackDemo.app */;
			productType = "com.apple.product-type.application";
		};
/* End PBXNativeTarget section */

/* Begin PBXProject section */
		DA6383D71D9D2A0D000A2A4B /* Project object */ = {
			isa = PBXProject;
			attributes = {
				LastUpgradeCheck = 0800;
				ORGANIZATIONNAME = hzyuxiaohua;
				TargetAttributes = {
					DA6383DE1D9D2A0D000A2A4B = {
						CreatedOnToolsVersion = 8.0;
						DevelopmentTeam = 3LH7676BHR;
						ProvisioningStyle = Automatic;
					};
				};
			};
			buildConfigurationList = DA6383DA1D9D2A0D000A2A4B /* Build configuration list for PBXProject "HackDemo" */;
			compatibilityVersion = "Xcode 3.2";
			developmentRegion = English;
			hasScannedForEncodings = 0;
			knownRegions = (
				en,
				Base,
			);
			mainGroup = DA6383D61D9D2A0D000A2A4B;
			productRefGroup = DA6383E01D9D2A0D000A2A4B /* Products */;
			projectDirPath = "";
			projectRoot = "";
			targets = (
				DA6383DE1D9D2A0D000A2A4B /* HackDemo */,
			);
		};
/* End PBXProject section */

/* Begin PBXResourcesBuildPhase section */
		DA6383DD1D9D2A0D000A2A4B /* Resources */ = {
			isa = PBXResourcesBuildPhase;
			buildActionMask = 2147483647;
			files = (
				DA6383F21D9D2A0D000A2A4B /* LaunchScreen.storyboard in Resources */,
				DA6383EF1D9D2A0D000A2A4B /* Assets.xcassets in Resources */,
				DAE6BE751D9DEF4D0015FE0D /* js_demo.js in Resources */,
				DA6383ED1D9D2A0D000A2A4B /* Main.storyboard in Resources */,
			);
			runOnlyForDeploymentPostprocessing = 0;
		};
/* End PBXResourcesBuildPhase section */

/* Begin PBXShellScriptBuildPhase section */
		9A6F4980807543FF629766CD /* 📦 Embed Pods Frameworks */ = {
			isa = PBXShellScriptBuildPhase;
			buildActionMask = 2147483647;
			files = (
			);
			inputPaths = (
			);
			name = "📦 Embed Pods Frameworks";
			outputPaths = (
			);
			runOnlyForDeploymentPostprocessing = 0;
			shellPath = /bin/sh;
			shellScript = "\"${SRCROOT}/Pods/Target Support Files/Pods-HackDemo/Pods-HackDemo-frameworks.sh\"\n";
			showEnvVarsInLog = 0;
		};
		ABCC5DBEC8E20AE1D61200B2 /* 📦 Check Pods Manifest.lock */ = {
			isa = PBXShellScriptBuildPhase;
			buildActionMask = 2147483647;
			files = (
			);
			inputPaths = (
			);
			name = "📦 Check Pods Manifest.lock";
			outputPaths = (
			);
			runOnlyForDeploymentPostprocessing = 0;
			shellPath = /bin/sh;
			shellScript = "diff \"${PODS_ROOT}/../Podfile.lock\" \"${PODS_ROOT}/Manifest.lock\" > /dev/null\nif [[ $? != 0 ]] ; then\n    cat << EOM\nerror: The sandbox is not in sync with the Podfile.lock. Run 'pod install' or update your CocoaPods installation.\nEOM\n    exit 1\nfi\n";
			showEnvVarsInLog = 0;
		};
		FA509CA2EF32F8398546A0C3 /* 📦 Copy Pods Resources */ = {
			isa = PBXShellScriptBuildPhase;
			buildActionMask = 2147483647;
			files = (
			);
			inputPaths = (
			);
			name = "📦 Copy Pods Resources";
			outputPaths = (
			);
			runOnlyForDeploymentPostprocessing = 0;
			shellPath = /bin/sh;
			shellScript = "\"${SRCROOT}/Pods/Target Support Files/Pods-HackDemo/Pods-HackDemo-resources.sh\"\n";
			showEnvVarsInLog = 0;
		};
/* End PBXShellScriptBuildPhase section */

/* Begin PBXSourcesBuildPhase section */
		DA6383DB1D9D2A0D000A2A4B /* Sources */ = {
			isa = PBXSourcesBuildPhase;
			buildActionMask = 2147483647;
			files = (
				DA6383EA1D9D2A0D000A2A4B /* ViewController.m in Sources */,
				DA6383E71D9D2A0D000A2A4B /* AppDelegate.m in Sources */,
				DA6383E41D9D2A0D000A2A4B /* main.m in Sources */,
			);
			runOnlyForDeploymentPostprocessing = 0;
		};
/* End PBXSourcesBuildPhase section */

/* Begin PBXVariantGroup section */
		DA6383EB1D9D2A0D000A2A4B /* Main.storyboard */ = {
			isa = PBXVariantGroup;
			children = (
				DA6383EC1D9D2A0D000A2A4B /* Base */,
			);
			name = Main.storyboard;
			sourceTree = "<group>";
		};
		DA6383F01D9D2A0D000A2A4B /* LaunchScreen.storyboard */ = {
			isa = PBXVariantGroup;
			children = (
				DA6383F11D9D2A0D000A2A4B /* Base */,
			);
			name = LaunchScreen.storyboard;
			sourceTree = "<group>";
		};
/* End PBXVariantGroup section */

/* Begin XCBuildConfiguration section */
		DA6383F41D9D2A0D000A2A4B /* Debug */ = {
			isa = XCBuildConfiguration;
			buildSettings = {
				ALWAYS_SEARCH_USER_PATHS = NO;
				CLANG_ANALYZER_NONNULL = YES;
				CLANG_CXX_LANGUAGE_STANDARD = "gnu++0x";
				CLANG_CXX_LIBRARY = "libc++";
				CLANG_ENABLE_MODULES = YES;
				CLANG_ENABLE_OBJC_ARC = YES;
				CLANG_WARN_BOOL_CONVERSION = YES;
				CLANG_WARN_CONSTANT_CONVERSION = YES;
				CLANG_WARN_DIRECT_OBJC_ISA_USAGE = YES_ERROR;
				CLANG_WARN_DOCUMENTATION_COMMENTS = YES;
				CLANG_WARN_EMPTY_BODY = YES;
				CLANG_WARN_ENUM_CONVERSION = YES;
				CLANG_WARN_INFINITE_RECURSION = YES;
				CLANG_WARN_INT_CONVERSION = YES;
				CLANG_WARN_OBJC_ROOT_CLASS = YES_ERROR;
				CLANG_WARN_SUSPICIOUS_MOVES = YES;
				CLANG_WARN_UNREACHABLE_CODE = YES;
				CLANG_WARN__DUPLICATE_METHOD_MATCH = YES;
				"CODE_SIGN_IDENTITY[sdk=iphoneos*]" = "iPhone Developer";
				COPY_PHASE_STRIP = NO;
				DEBUG_INFORMATION_FORMAT = dwarf;
				ENABLE_STRICT_OBJC_MSGSEND = YES;
				ENABLE_TESTABILITY = YES;
				GCC_C_LANGUAGE_STANDARD = gnu99;
				GCC_DYNAMIC_NO_PIC = NO;
				GCC_NO_COMMON_BLOCKS = YES;
				GCC_OPTIMIZATION_LEVEL = 0;
				GCC_PREPROCESSOR_DEFINITIONS = (
					"DEBUG=1",
					"$(inherited)",
				);
				GCC_WARN_64_TO_32_BIT_CONVERSION = YES;
				GCC_WARN_ABOUT_RETURN_TYPE = YES_ERROR;
				GCC_WARN_UNDECLARED_SELECTOR = YES;
				GCC_WARN_UNINITIALIZED_AUTOS = YES_AGGRESSIVE;
				GCC_WARN_UNUSED_FUNCTION = YES;
				GCC_WARN_UNUSED_VARIABLE = YES;
				IPHONEOS_DEPLOYMENT_TARGET = 10.0;
				MTL_ENABLE_DEBUG_INFO = YES;
				ONLY_ACTIVE_ARCH = YES;
				SDKROOT = iphoneos;
			};
			name = Debug;
		};
		DA6383F51D9D2A0D000A2A4B /* Release */ = {
			isa = XCBuildConfiguration;
			buildSettings = {
				ALWAYS_SEARCH_USER_PATHS = NO;
				CLANG_ANALYZER_NONNULL = YES;
				CLANG_CXX_LANGUAGE_STANDARD = "gnu++0x";
				CLANG_CXX_LIBRARY = "libc++";
				CLANG_ENABLE_MODULES = YES;
				CLANG_ENABLE_OBJC_ARC = YES;
				CLANG_WARN_BOOL_CONVERSION = YES;
				CLANG_WARN_CONSTANT_CONVERSION = YES;
				CLANG_WARN_DIRECT_OBJC_ISA_USAGE = YES_ERROR;
				CLANG_WARN_DOCUMENTATION_COMMENTS = YES;
				CLANG_WARN_EMPTY_BODY = YES;
				CLANG_WARN_ENUM_CONVERSION = YES;
				CLANG_WARN_INFINITE_RECURSION = YES;
				CLANG_WARN_INT_CONVERSION = YES;
				CLANG_WARN_OBJC_ROOT_CLASS = YES_ERROR;
				CLANG_WARN_SUSPICIOUS_MOVES = YES;
				CLANG_WARN_UNREACHABLE_CODE = YES;
				CLANG_WARN__DUPLICATE_METHOD_MATCH = YES;
				"CODE_SIGN_IDENTITY[sdk=iphoneos*]" = "iPhone Developer";
				COPY_PHASE_STRIP = NO;
				DEBUG_INFORMATION_FORMAT = "dwarf-with-dsym";
				ENABLE_NS_ASSERTIONS = NO;
				ENABLE_STRICT_OBJC_MSGSEND = YES;
				GCC_C_LANGUAGE_STANDARD = gnu99;
				GCC_NO_COMMON_BLOCKS = YES;
				GCC_WARN_64_TO_32_BIT_CONVERSION = YES;
				GCC_WARN_ABOUT_RETURN_TYPE = YES_ERROR;
				GCC_WARN_UNDECLARED_SELECTOR = YES;
				GCC_WARN_UNINITIALIZED_AUTOS = YES_AGGRESSIVE;
				GCC_WARN_UNUSED_FUNCTION = YES;
				GCC_WARN_UNUSED_VARIABLE = YES;
				IPHONEOS_DEPLOYMENT_TARGET = 10.0;
				MTL_ENABLE_DEBUG_INFO = NO;
				SDKROOT = iphoneos;
				VALIDATE_PRODUCT = YES;
			};
			name = Release;
		};
		DA6383F71D9D2A0D000A2A4B /* Debug */ = {
			isa = XCBuildConfiguration;
			baseConfigurationReference = 3ADD9D136B23B885C29CDD42 /* Pods-HackDemo.debug.xcconfig */;
			buildSettings = {
				ASSETCATALOG_COMPILER_APPICON_NAME = AppIcon;
				DEVELOPMENT_TEAM = 3LH7676BHR;
				INFOPLIST_FILE = HackDemo/Info.plist;
				LD_RUNPATH_SEARCH_PATHS = "$(inherited) @executable_path/Frameworks";
				PRODUCT_BUNDLE_IDENTIFIER = com.xy.HackDemo;
				PRODUCT_NAME = "$(TARGET_NAME)";
			};
			name = Debug;
		};
		DA6383F81D9D2A0D000A2A4B /* Release */ = {
			isa = XCBuildConfiguration;
			baseConfigurationReference = 37B76D5004D77CCC5607C971 /* Pods-HackDemo.release.xcconfig */;
			buildSettings = {
				ASSETCATALOG_COMPILER_APPICON_NAME = AppIcon;
				DEVELOPMENT_TEAM = 3LH7676BHR;
				INFOPLIST_FILE = HackDemo/Info.plist;
				LD_RUNPATH_SEARCH_PATHS = "$(inherited) @executable_path/Frameworks";
				PRODUCT_BUNDLE_IDENTIFIER = com.xy.HackDemo;
				PRODUCT_NAME = "$(TARGET_NAME)";
			};
			name = Release;
		};
/* End XCBuildConfiguration section */

/* Begin XCConfigurationList section */
		DA6383DA1D9D2A0D000A2A4B /* Build configuration list for PBXProject "HackDemo" */ = {
			isa = XCConfigurationList;
			buildConfigurations = (
				DA6383F41D9D2A0D000A2A4B /* Debug */,
				DA6383F51D9D2A0D000A2A4B /* Release */,
			);
			defaultConfigurationIsVisible = 0;
			defaultConfigurationName = Release;
		};
		DA6383F61D9D2A0D000A2A4B /* Build configuration list for PBXNativeTarget "HackDemo" */ = {
			isa = XCConfigurationList;
			buildConfigurations = (
				DA6383F71D9D2A0D000A2A4B /* Debug */,
				DA6383F81D9D2A0D000A2A4B /* Release */,
			);
			defaultConfigurationIsVisible = 0;
			defaultConfigurationName = Release;
		};
/* End XCConfigurationList section */
	};
	rootObject = DA6383D71D9D2A0D000A2A4B /* Project object */;
}
